
Microsoft Visual Studio Solution File, Format Version 12.00
# Visual Studio 15
VisualStudioVersion = 15.0.26730.10
MinimumVisualStudioVersion = 10.0.40219.1
Project("{FAE04EC0-301F-11D3-BF4B-00C04F79EFBC}") = "Constructors", "Constructors\Constructors.csproj", "{B18D035B-4A0B-4277-AC78-6050DF946E3A}"
EndProject
Project("{FAE04EC0-301F-11D3-BF4B-00C04F79EFBC}") = "MethodOverloading", "MethodOverloading\MethodOverloading.csproj", "{F8C41FA2-972C-4178-A63F-4F38B73113B2}"
EndProject
Global
	GlobalSection(SolutionConfigurationPlatforms) = preSolution
		Debug|Any CPU = Debug|Any CPU
		Release|Any CPU = Release|Any CPU
	EndGlobalSection
	GlobalSection(ProjectConfigurationPlatforms) = postSolution
		{B18D035B-4A0B-4277-AC78-6050DF946E3A}.Debug|Any CPU.ActiveCfg = Debug|Any CPU
		{B18D035B-4A0B-4277-AC78-6050DF946E3A}.Debug|Any CPU.Build.0 = Debug|Any CPU
		{B18D035B-4A0B-4277-AC78-6050DF946E3A}.Release|Any CPU.ActiveCfg = Release|Any CPU
		{B18D035B-4A0B-4277-AC78-6050DF946E3A}.Release|Any CPU.Build.0 = Release|Any CPU
		{F8C41FA2-972C-4178-A63F-4F38B73113B2}.Debug|Any CPU.ActiveCfg = Debug|Any CPU
		{F8C41FA2-972C-4178-A63F-4F38B73113B2}.Debug|Any CPU.Build.0 = Debug|Any CPU
		{F8C41FA2-972C-4178-A63F-4F38B73113B2}.Release|Any CPU.ActiveCfg = Release|Any CPU
		{F8C41FA2-972C-4178-A63F-4F38B73113B2}.Release|Any CPU.Build.0 = Release|Any CPU
	EndGlobalSection
	GlobalSection(SolutionProperties) = preSolution
		HideSolutionNode = FALSE
	EndGlobalSection
	GlobalSection(ExtensibilityGlobals) = postSolution
		SolutionGuid = {7CB271A2-B347-42C2-A584-BA30095057EC}
	EndGlobalSection
EndGlobal
